
Microsoft Visual Studio Solution File, Format Version 12.00
# Visual Studio 15
VisualStudioVersion = 15.0.28307.645
MinimumVisualStudioVersion = 10.0.40219.1
Project("{FAE04EC0-301F-11D3-BF4B-00C04F79EFBC}") = "ExcelToJsonConverter2", "ExcelToJsonConverter2\ExcelToJsonConverter2.csproj", "{399E0912-B724-4D50-88CE-92F1C2107C00}"
EndProject
Global
	GlobalSection(SolutionConfigurationPlatforms) = preSolution
		Debug|Any CPU = Debug|Any CPU
		Release|Any CPU = Release|Any CPU
	EndGlobalSection
	GlobalSection(ProjectConfigurationPlatforms) = postSolution
		{399E0912-B724-4D50-88CE-92F1C2107C00}.Debug|Any CPU.ActiveCfg = Debug|Any CPU
		{399E0912-B724-4D50-88CE-92F1C2107C00}.Debug|Any CPU.Build.0 = Debug|Any CPU
		{399E0912-B724-4D50-88CE-92F1C2107C00}.Release|Any CPU.ActiveCfg = Release|Any CPU
		{399E0912-B724-4D50-88CE-92F1C2107C00}.Release|Any CPU.Build.0 = Release|Any CPU
	EndGlobalSection
	GlobalSection(SolutionProperties) = preSolution
		HideSolutionNode = FALSE
	EndGlobalSection
	GlobalSection(ExtensibilityGlobals) = postSolution
		SolutionGuid = {759EA7BC-C3C7-4C97-81C0-674E922FE305}
	EndGlobalSection
EndGlobal
